// !$*UTF8*$!
{
	archiveVersion = 1;
	classes = {
	};
	objectVersion = 50;
	objects = {

/* Begin PBXBuildFile section */
		AB132FE0257A493E0071D5E6 /* SwiftUI_Apple_FrameworkAppApp.swift in Sources */ = {isa = PBXBuildFile; fileRef = AB132FDF257A493E0071D5E6 /* SwiftUI_Apple_FrameworkAppApp.swift */; };
		AB132FE2257A493E0071D5E6 /* FrameworkGridView.swift in Sources */ = {isa = PBXBuildFile; fileRef = AB132FE1257A493E0071D5E6 /* FrameworkGridView.swift */; };
		AB132FE4257A49400071D5E6 /* Assets.xcassets in Resources */ = {isa = PBXBuildFile; fileRef = AB132FE3257A49400071D5E6 /* Assets.xcassets */; };
		AB132FE7257A49400071D5E6 /* Preview Assets.xcassets in Resources */ = {isa = PBXBuildFile; fileRef = AB132FE6257A49400071D5E6 /* Preview Assets.xcassets */; };
		AB132FF2257A49FD0071D5E6 /* LibTools.swift in Sources */ = {isa = PBXBuildFile; fileRef = AB132FF1257A49FD0071D5E6 /* LibTools.swift */; };
		AB132FF7257A4A870071D5E6 /* FrameWorkModel.swift in Sources */ = {isa = PBXBuildFile; fileRef = AB132FF6257A4A870071D5E6 /* FrameWorkModel.swift */; };
		AB7B8EDA257AE05B004FD634 /* FrameworkTitleSubView.swift in Sources */ = {isa = PBXBuildFile; fileRef = AB7B8ED9257AE05B004FD634 /* FrameworkTitleSubView.swift */; };
		AB7B8EE2257AF7B7004FD634 /* FrameworkDetailView.swift in Sources */ = {isa = PBXBuildFile; fileRef = AB7B8EE1257AF7B7004FD634 /* FrameworkDetailView.swift */; };
		AB8E3E722593F96F0015A69D /* LibModifiers.swift in Sources */ = {isa = PBXBuildFile; fileRef = AB8E3E712593F96F0015A69D /* LibModifiers.swift */; };
		AB913E8B25974B9A00BCD9B2 /* FrameworkGridViewModel.swift in Sources */ = {isa = PBXBuildFile; fileRef = AB913E8A25974B9A00BCD9B2 /* FrameworkGridViewModel.swift */; };
/* End PBXBuildFile section */

/* Begin PBXFileReference section */
		AB132FDC257A493D0071D5E6 /* SwiftUI_Apple_FrameworkApp.app */ = {isa = PBXFileReference; explicitFileType = wrapper.application; includeInIndex = 0; path = SwiftUI_Apple_FrameworkApp.app; sourceTree = BUILT_PRODUCTS_DIR; };
		AB132FDF257A493E0071D5E6 /* SwiftUI_Apple_FrameworkAppApp.swift */ = {isa = PBXFileReference; lastKnownFileType = sourcecode.swift; path = SwiftUI_Apple_FrameworkAppApp.swift; sourceTree = "<group>"; };
		AB132FE1257A493E0071D5E6 /* FrameworkGridView.swift */ = {isa = PBXFileReference; lastKnownFileType = sourcecode.swift; path = FrameworkGridView.swift; sourceTree = "<group>"; };
		AB132FE3257A49400071D5E6 /* Assets.xcassets */ = {isa = PBXFileReference; lastKnownFileType = folder.assetcatalog; path = Assets.xcassets; sourceTree = "<group>"; };
		AB132FE6257A49400071D5E6 /* Preview Assets.xcassets */ = {isa = PBXFileReference; lastKnownFileType = folder.assetcatalog; path = "Preview Assets.xcassets"; sourceTree = "<group>"; };
		AB132FE8257A49400071D5E6 /* Info.plist */ = {isa = PBXFileReference; lastKnownFileType = text.plist.xml; path = Info.plist; sourceTree = "<group>"; };
		AB132FF1257A49FD0071D5E6 /* LibTools.swift */ = {isa = PBXFileReference; lastKnownFileType = sourcecode.swift; path = LibTools.swift; sourceTree = "<group>"; };
		AB132FF6257A4A870071D5E6 /* FrameWorkModel.swift */ = {isa = PBXFileReference; lastKnownFileType = sourcecode.swift; path = FrameWorkModel.swift; sourceTree = "<group>"; };
		AB7B8ED9257AE05B004FD634 /* FrameworkTitleSubView.swift */ = {isa = PBXFileReference; lastKnownFileType = sourcecode.swift; path = FrameworkTitleSubView.swift; sourceTree = "<group>"; };
		AB7B8EE1257AF7B7004FD634 /* FrameworkDetailView.swift */ = {isa = PBXFileReference; lastKnownFileType = sourcecode.swift; path = FrameworkDetailView.swift; sourceTree = "<group>"; };
		AB8E3E712593F96F0015A69D /* LibModifiers.swift */ = {isa = PBXFileReference; lastKnownFileType = sourcecode.swift; path = LibModifiers.swift; sourceTree = "<group>"; };
		AB913E8A25974B9A00BCD9B2 /* FrameworkGridViewModel.swift */ = {isa = PBXFileReference; lastKnownFileType = sourcecode.swift; path = FrameworkGridViewModel.swift; sourceTree = "<group>"; };
/* End PBXFileReference section */

/* Begin PBXFrameworksBuildPhase section */
		AB132FD9257A493D0071D5E6 /* Frameworks */ = {
			isa = PBXFrameworksBuildPhase;
			buildActionMask = 2147483647;
			files = (
			);
			runOnlyForDeploymentPostprocessing = 0;
		};
/* End PBXFrameworksBuildPhase section */

/* Begin PBXGroup section */
		AB132FD3257A493D0071D5E6 = {
			isa = PBXGroup;
			children = (
				AB132FDE257A493D0071D5E6 /* SwiftUI_Apple_FrameworkApp */,
				AB132FDD257A493D0071D5E6 /* Products */,
			);
			sourceTree = "<group>";
		};
		AB132FDD257A493D0071D5E6 /* Products */ = {
			isa = PBXGroup;
			children = (
				AB132FDC257A493D0071D5E6 /* SwiftUI_Apple_FrameworkApp.app */,
			);
			name = Products;
			sourceTree = "<group>";
		};
		AB132FDE257A493D0071D5E6 /* SwiftUI_Apple_FrameworkApp */ = {
			isa = PBXGroup;
			children = (
				AB132FDF257A493E0071D5E6 /* SwiftUI_Apple_FrameworkAppApp.swift */,
				AB132FE1257A493E0071D5E6 /* FrameworkGridView.swift */,
				AB7B8EE1257AF7B7004FD634 /* FrameworkDetailView.swift */,
				AB132FF0257A49EE0071D5E6 /* Res */,
				AB132FE3257A49400071D5E6 /* Assets.xcassets */,
				AB132FE5257A49400071D5E6 /* Preview Content */,
				AB132FF6257A4A870071D5E6 /* FrameWorkModel.swift */,
				AB7B8ED9257AE05B004FD634 /* FrameworkTitleSubView.swift */,
				AB913E8A25974B9A00BCD9B2 /* FrameworkGridViewModel.swift */,
			);
			path = SwiftUI_Apple_FrameworkApp;
			sourceTree = "<group>";
		};
		AB132FE5257A49400071D5E6 /* Preview Content */ = {
			isa = PBXGroup;
			children = (
				AB132FE6257A49400071D5E6 /* Preview Assets.xcassets */,
			);
			path = "Preview Content";
			sourceTree = "<group>";
		};
		AB132FEF257A49DE0071D5E6 /* Libs */ = {
			isa = PBXGroup;
			children = (
				AB132FF1257A49FD0071D5E6 /* LibTools.swift */,
				AB8E3E712593F96F0015A69D /* LibModifiers.swift */,
			);
			path = Libs;
			sourceTree = "<group>";
		};
		AB132FF0257A49EE0071D5E6 /* Res */ = {
			isa = PBXGroup;
			children = (
				AB132FEF257A49DE0071D5E6 /* Libs */,
				AB132FE8257A49400071D5E6 /* Info.plist */,
			);
			path = Res;
			sourceTree = "<group>";
		};
/* End PBXGroup section */

/* Begin PBXNativeTarget section */
		AB132FDB257A493D0071D5E6 /* SwiftUI_Apple_FrameworkApp */ = {
			isa = PBXNativeTarget;
			buildConfigurationList = AB132FEB257A49400071D5E6 /* Build configuration list for PBXNativeTarget "SwiftUI_Apple_FrameworkApp" */;
			buildPhases = (
				AB132FD8257A493D0071D5E6 /* Sources */,
				AB132FD9257A493D0071D5E6 /* Frameworks */,
				AB132FDA257A493D0071D5E6 /* Resources */,
			);
			buildRules = (
			);
			dependencies = (
			);
			name = SwiftUI_Apple_FrameworkApp;
			productName = SwiftUI_Apple_FrameworkApp;
			productReference = AB132FDC257A493D0071D5E6 /* SwiftUI_Apple_FrameworkApp.app */;
			productType = "com.apple.product-type.application";
		};
/* End PBXNativeTarget section */

/* Begin PBXProject section */
		AB132FD4257A493D0071D5E6 /* Project object */ = {
			isa = PBXProject;
			attributes = {
				LastSwiftUpdateCheck = 1220;
				LastUpgradeCheck = 1220;
				TargetAttributes = {
					AB132FDB257A493D0071D5E6 = {
						CreatedOnToolsVersion = 12.2;
					};
				};
			};
			buildConfigurationList = AB132FD7257A493D0071D5E6 /* Build configuration list for PBXProject "SwiftUI_Apple_FrameworkApp" */;
			compatibilityVersion = "Xcode 9.3";
			developmentRegion = en;
			hasScannedForEncodings = 0;
			knownRegions = (
				en,
				Base,
			);
			mainGroup = AB132FD3257A493D0071D5E6;
			productRefGroup = AB132FDD257A493D0071D5E6 /* Products */;
			projectDirPath = "";
			projectRoot = "";
			targets = (
				AB132FDB257A493D0071D5E6 /* SwiftUI_Apple_FrameworkApp */,
			);
		};
/* End PBXProject section */

/* Begin PBXResourcesBuildPhase section */
		AB132FDA257A493D0071D5E6 /* Resources */ = {
			isa = PBXResourcesBuildPhase;
			buildActionMask = 2147483647;
			files = (
				AB132FE7257A49400071D5E6 /* Preview Assets.xcassets in Resources */,
				AB132FE4257A49400071D5E6 /* Assets.xcassets in Resources */,
			);
			runOnlyForDeploymentPostprocessing = 0;
		};
/* End PBXResourcesBuildPhase section */

/* Begin PBXSourcesBuildPhase section */
		AB132FD8257A493D0071D5E6 /* Sources */ = {
			isa = PBXSourcesBuildPhase;
			buildActionMask = 2147483647;
			files = (
				AB132FE2257A493E0071D5E6 /* FrameworkGridView.swift in Sources */,
				AB132FF2257A49FD0071D5E6 /* LibTools.swift in Sources */,
				AB7B8EE2257AF7B7004FD634 /* FrameworkDetailView.swift in Sources */,
				AB132FF7257A4A870071D5E6 /* FrameWorkModel.swift in Sources */,
				AB132FE0257A493E0071D5E6 /* SwiftUI_Apple_FrameworkAppApp.swift in Sources */,
				AB8E3E722593F96F0015A69D /* LibModifiers.swift in Sources */,
				AB7B8EDA257AE05B004FD634 /* FrameworkTitleSubView.swift in Sources */,
				AB913E8B25974B9A00BCD9B2 /* FrameworkGridViewModel.swift in Sources */,
			);
			runOnlyForDeploymentPostprocessing = 0;
		};
/* End PBXSourcesBuildPhase section */

/* Begin XCBuildConfiguration section */
		AB132FE9257A49400071D5E6 /* Debug */ = {
			isa = XCBuildConfiguration;
			buildSettings = {
				ALWAYS_SEARCH_USER_PATHS = NO;
				CLANG_ANALYZER_NONNULL = YES;
				CLANG_ANALYZER_NUMBER_OBJECT_CONVERSION = YES_AGGRESSIVE;
				CLANG_CXX_LANGUAGE_STANDARD = "gnu++14";
				CLANG_CXX_LIBRARY = "libc++";
				CLANG_ENABLE_MODULES = YES;
				CLANG_ENABLE_OBJC_ARC = YES;
				CLANG_ENABLE_OBJC_WEAK = YES;
				CLANG_WARN_BLOCK_CAPTURE_AUTORELEASING = YES;
				CLANG_WARN_BOOL_CONVERSION = YES;
				CLANG_WARN_COMMA = YES;
				CLANG_WARN_CONSTANT_CONVERSION = YES;
				CLANG_WARN_DEPRECATED_OBJC_IMPLEMENTATIONS = YES;
				CLANG_WARN_DIRECT_OBJC_ISA_USAGE = YES_ERROR;
				CLANG_WARN_DOCUMENTATION_COMMENTS = YES;
				CLANG_WARN_EMPTY_BODY = YES;
				CLANG_WARN_ENUM_CONVERSION = YES;
				CLANG_WARN_INFINITE_RECURSION = YES;
				CLANG_WARN_INT_CONVERSION = YES;
				CLANG_WARN_NON_LITERAL_NULL_CONVERSION = YES;
				CLANG_WARN_OBJC_IMPLICIT_RETAIN_SELF = YES;
				CLANG_WARN_OBJC_LITERAL_CONVERSION = YES;
				CLANG_WARN_OBJC_ROOT_CLASS = YES_ERROR;
				CLANG_WARN_QUOTED_INCLUDE_IN_FRAMEWORK_HEADER = YES;
				CLANG_WARN_RANGE_LOOP_ANALYSIS = YES;
				CLANG_WARN_STRICT_PROTOTYPES = YES;
				CLANG_WARN_SUSPICIOUS_MOVE = YES;
				CLANG_WARN_UNGUARDED_AVAILABILITY = YES_AGGRESSIVE;
				CLANG_WARN_UNREACHABLE_CODE = YES;
				CLANG_WARN__DUPLICATE_METHOD_MATCH = YES;
				COPY_PHASE_STRIP = NO;
				DEBUG_INFORMATION_FORMAT = dwarf;
				ENABLE_STRICT_OBJC_MSGSEND = YES;
				ENABLE_TESTABILITY = YES;
				GCC_C_LANGUAGE_STANDARD = gnu11;
				GCC_DYNAMIC_NO_PIC = NO;
				GCC_NO_COMMON_BLOCKS = YES;
				GCC_OPTIMIZATION_LEVEL = 0;
				GCC_PREPROCESSOR_DEFINITIONS = (
					"DEBUG=1",
					"$(inherited)",
				);
				GCC_WARN_64_TO_32_BIT_CONVERSION = YES;
				GCC_WARN_ABOUT_RETURN_TYPE = YES_ERROR;
				GCC_WARN_UNDECLARED_SELECTOR = YES;
				GCC_WARN_UNINITIALIZED_AUTOS = YES_AGGRESSIVE;
				GCC_WARN_UNUSED_FUNCTION = YES;
				GCC_WARN_UNUSED_VARIABLE = YES;
				IPHONEOS_DEPLOYMENT_TARGET = 14.2;
				MTL_ENABLE_DEBUG_INFO = INCLUDE_SOURCE;
				MTL_FAST_MATH = YES;
				ONLY_ACTIVE_ARCH = YES;
				SDKROOT = iphoneos;
				SWIFT_ACTIVE_COMPILATION_CONDITIONS = DEBUG;
				SWIFT_OPTIMIZATION_LEVEL = "-Onone";
			};
			name = Debug;
		};
		AB132FEA257A49400071D5E6 /* Release */ = {
			isa = XCBuildConfiguration;
			buildSettings = {
				ALWAYS_SEARCH_USER_PATHS = NO;
				CLANG_ANALYZER_NONNULL = YES;
				CLANG_ANALYZER_NUMBER_OBJECT_CONVERSION = YES_AGGRESSIVE;
				CLANG_CXX_LANGUAGE_STANDARD = "gnu++14";
				CLANG_CXX_LIBRARY = "libc++";
				CLANG_ENABLE_MODULES = YES;
				CLANG_ENABLE_OBJC_ARC = YES;
				CLANG_ENABLE_OBJC_WEAK = YES;
				CLANG_WARN_BLOCK_CAPTURE_AUTORELEASING = YES;
				CLANG_WARN_BOOL_CONVERSION = YES;
				CLANG_WARN_COMMA = YES;
				CLANG_WARN_CONSTANT_CONVERSION = YES;
				CLANG_WARN_DEPRECATED_OBJC_IMPLEMENTATIONS = YES;
				CLANG_WARN_DIRECT_OBJC_ISA_USAGE = YES_ERROR;
				CLANG_WARN_DOCUMENTATION_COMMENTS = YES;
				CLANG_WARN_EMPTY_BODY = YES;
				CLANG_WARN_ENUM_CONVERSION = YES;
				CLANG_WARN_INFINITE_RECURSION = YES;
				CLANG_WARN_INT_CONVERSION = YES;
				CLANG_WARN_NON_LITERAL_NULL_CONVERSION = YES;
				CLANG_WARN_OBJC_IMPLICIT_RETAIN_SELF = YES;
				CLANG_WARN_OBJC_LITERAL_CONVERSION = YES;
				CLANG_WARN_OBJC_ROOT_CLASS = YES_ERROR;
				CLANG_WARN_QUOTED_INCLUDE_IN_FRAMEWORK_HEADER = YES;
				CLANG_WARN_RANGE_LOOP_ANALYSIS = YES;
				CLANG_WARN_STRICT_PROTOTYPES = YES;
				CLANG_WARN_SUSPICIOUS_MOVE = YES;
				CLANG_WARN_UNGUARDED_AVAILABILITY = YES_AGGRESSIVE;
				CLANG_WARN_UNREACHABLE_CODE = YES;
				CLANG_WARN__DUPLICATE_METHOD_MATCH = YES;
				COPY_PHASE_STRIP = NO;
				DEBUG_INFORMATION_FORMAT = "dwarf-with-dsym";
				ENABLE_NS_ASSERTIONS = NO;
				ENABLE_STRICT_OBJC_MSGSEND = YES;
				GCC_C_LANGUAGE_STANDARD = gnu11;
				GCC_NO_COMMON_BLOCKS = YES;
				GCC_WARN_64_TO_32_BIT_CONVERSION = YES;
				GCC_WARN_ABOUT_RETURN_TYPE = YES_ERROR;
				GCC_WARN_UNDECLARED_SELECTOR = YES;
				GCC_WARN_UNINITIALIZED_AUTOS = YES_AGGRESSIVE;
				GCC_WARN_UNUSED_FUNCTION = YES;
				GCC_WARN_UNUSED_VARIABLE = YES;
				IPHONEOS_DEPLOYMENT_TARGET = 14.2;
				MTL_ENABLE_DEBUG_INFO = NO;
				MTL_FAST_MATH = YES;
				SDKROOT = iphoneos;
				SWIFT_COMPILATION_MODE = wholemodule;
				SWIFT_OPTIMIZATION_LEVEL = "-O";
				VALIDATE_PRODUCT = YES;
			};
			name = Release;
		};
		AB132FEC257A49400071D5E6 /* Debug */ = {
			isa = XCBuildConfiguration;
			buildSettings = {
				ASSETCATALOG_COMPILER_APPICON_NAME = AppIcon;
				ASSETCATALOG_COMPILER_GLOBAL_ACCENT_COLOR_NAME = AccentColor;
				CODE_SIGN_STYLE = Automatic;
				DEVELOPMENT_ASSET_PATHS = "\"SwiftUI_Apple_FrameworkApp/Preview Content\"";
				DEVELOPMENT_TEAM = 8R94WS9HFC;
				ENABLE_PREVIEWS = YES;
				INFOPLIST_FILE = SwiftUI_Apple_FrameworkApp/Res/Info.plist;
				IPHONEOS_DEPLOYMENT_TARGET = 14.0;
				LD_RUNPATH_SEARCH_PATHS = (
					"$(inherited)",
					"@executable_path/Frameworks",
				);
				PRODUCT_BUNDLE_IDENTIFIER = "com.alias111.SwiftUI-Apple-FrameworkApp";
				PRODUCT_NAME = "$(TARGET_NAME)";
				SWIFT_VERSION = 5.0;
				TARGETED_DEVICE_FAMILY = "1,2";
			};
			name = Debug;
		};
		AB132FED257A49400071D5E6 /* Release */ = {
			isa = XCBuildConfiguration;
			buildSettings = {
				ASSETCATALOG_COMPILER_APPICON_NAME = AppIcon;
				ASSETCATALOG_COMPILER_GLOBAL_ACCENT_COLOR_NAME = AccentColor;
				CODE_SIGN_STYLE = Automatic;
				DEVELOPMENT_ASSET_PATHS = "\"SwiftUI_Apple_FrameworkApp/Preview Content\"";
				DEVELOPMENT_TEAM = 8R94WS9HFC;
				ENABLE_PREVIEWS = YES;
				INFOPLIST_FILE = SwiftUI_Apple_FrameworkApp/Res/Info.plist;
				IPHONEOS_DEPLOYMENT_TARGET = 14.0;
				LD_RUNPATH_SEARCH_PATHS = (
					"$(inherited)",
					"@executable_path/Frameworks",
				);
				PRODUCT_BUNDLE_IDENTIFIER = "com.alias111.SwiftUI-Apple-FrameworkApp";
				PRODUCT_NAME = "$(TARGET_NAME)";
				SWIFT_VERSION = 5.0;
				TARGETED_DEVICE_FAMILY = "1,2";
			};
			name = Release;
		};
/* End XCBuildConfiguration section */

/* Begin XCConfigurationList section */
		AB132FD7257A493D0071D5E6 /* Build configuration list for PBXProject "SwiftUI_Apple_FrameworkApp" */ = {
			isa = XCConfigurationList;
			buildConfigurations = (
				AB132FE9257A49400071D5E6 /* Debug */,
				AB132FEA257A49400071D5E6 /* Release */,
			);
			defaultConfigurationIsVisible = 0;
			defaultConfigurationName = Release;
		};
		AB132FEB257A49400071D5E6 /* Build configuration list for PBXNativeTarget "SwiftUI_Apple_FrameworkApp" */ = {
			isa = XCConfigurationList;
			buildConfigurations = (
				AB132FEC257A49400071D5E6 /* Debug */,
				AB132FED257A49400071D5E6 /* Release */,
			);
			defaultConfigurationIsVisible = 0;
			defaultConfigurationName = Release;
		};
/* End XCConfigurationList section */
	};
	rootObject = AB132FD4257A493D0071D5E6 /* Project object */;
}
